
Microsoft Visual Studio Solution File, Format Version 12.00
# Visual Studio Version 17
VisualStudioVersion = 17.4.33829.165
MinimumVisualStudioVersion = 10.0.40219.1
Project("{8BC9CEB8-8B4A-11D0-8D11-00A0C91BC942}") = "Programming Activity", "Programming Activity\Programming Activity.vcxproj", "{FA1392E6-DF36-4828-84DA-74C89B40BECE}"
EndProject
Global
	GlobalSection(SolutionConfigurationPlatforms) = preSolution
		Debug|x64 = Debug|x64
		Debug|x86 = Debug|x86
		Release|x64 = Release|x64
		Release|x86 = Release|x86
	EndGlobalSection
	GlobalSection(ProjectConfigurationPlatforms) = postSolution
		{FA1392E6-DF36-4828-84DA-74C89B40BECE}.Debug|x64.ActiveCfg = Debug|x64
		{FA1392E6-DF36-4828-84DA-74C89B40BECE}.Debug|x64.Build.0 = Debug|x64
		{FA1392E6-DF36-4828-84DA-74C89B40BECE}.Debug|x86.ActiveCfg = Debug|Win32
		{FA1392E6-DF36-4828-84DA-74C89B40BECE}.Debug|x86.Build.0 = Debug|Win32
		{FA1392E6-DF36-4828-84DA-74C89B40BECE}.Release|x64.ActiveCfg = Release|x64
		{FA1392E6-DF36-4828-84DA-74C89B40BECE}.Release|x64.Build.0 = Release|x64
		{FA1392E6-DF36-4828-84DA-74C89B40BECE}.Release|x86.ActiveCfg = Release|Win32
		{FA1392E6-DF36-4828-84DA-74C89B40BECE}.Release|x86.Build.0 = Release|Win32
	EndGlobalSection
	GlobalSection(SolutionProperties) = preSolution
		HideSolutionNode = FALSE
	EndGlobalSection
	GlobalSection(ExtensibilityGlobals) = postSolution
		SolutionGuid = {9F13C304-C454-4A6A-92FD-AF00C6CD47E6}
	EndGlobalSection
EndGlobal
